{
  "name": "orcp-demo",
  "lockfileVersion": 3,
  "requires": true,
  "packages": {
    "": {
      "name": "orcp-demo",
      "dependencies": {
        "@orpc/client": "^0.41.0",
        "@orpc/contract": "^0.41.0",
        "@orpc/openapi": "^0.41.0",
        "@orpc/server": "^0.41.0",
        "@orpc/zod": "^0.41.0",
        "nanoid": "^5.1.0",
        "zod": "^3.24.2",
        "zod-to-json-schema": "^3.24.2"
      },
      "devDependencies": {
        "@types/bun": "latest"
      },
      "peerDependencies": {
        "typescript": "^5.0.0"
      }
    },
    "node_modules/@img/sharp-libvips-linux-x64": {
      "version": "1.0.4",
      "cpu": [
        "x64"
      ],
      "license": "LGPL-3.0-or-later",
      "optional": true,
      "os": [
        "linux"
      ],
      "peer": true,
      "funding": {
        "url": "https://opencollective.com/libvips"
      }
    },
    "node_modules/@img/sharp-libvips-linuxmusl-x64": {
      "version": "1.0.4",
      "cpu": [
        "x64"
      ],
      "license": "LGPL-3.0-or-later",
      "optional": true,
      "os": [
        "linux"
      ],
      "peer": true,
      "funding": {
        "url": "https://opencollective.com/libvips"
      }
    },
    "node_modules/@img/sharp-linux-x64": {
      "version": "0.33.5",
      "cpu": [
        "x64"
      ],
      "license": "Apache-2.0",
      "optional": true,
      "os": [
        "linux"
      ],
      "peer": true,
      "engines": {
        "node": "^18.17.0 || ^20.3.0 || >=21.0.0"
      },
      "funding": {
        "url": "https://opencollective.com/libvips"
      },
      "optionalDependencies": {
        "@img/sharp-libvips-linux-x64": "1.0.4"
      }
    },
    "node_modules/@img/sharp-linuxmusl-x64": {
      "version": "0.33.5",
      "cpu": [
        "x64"
      ],
      "license": "Apache-2.0",
      "optional": true,
      "os": [
        "linux"
      ],
      "peer": true,
      "engines": {
        "node": "^18.17.0 || ^20.3.0 || >=21.0.0"
      },
      "funding": {
        "url": "https://opencollective.com/libvips"
      },
      "optionalDependencies": {
        "@img/sharp-libvips-linuxmusl-x64": "1.0.4"
      }
    },
    "node_modules/@next/env": {
      "version": "15.1.7",
      "license": "MIT",
      "peer": true
    },
    "node_modules/@next/swc-linux-x64-gnu": {
      "version": "15.1.7",
      "cpu": [
        "x64"
      ],
      "license": "MIT",
      "optional": true,
      "os": [
        "linux"
      ],
      "peer": true,
      "engines": {
        "node": ">= 10"
      }
    },
    "node_modules/@next/swc-linux-x64-musl": {
      "version": "15.1.7",
      "cpu": [
        "x64"
      ],
      "license": "MIT",
      "optional": true,
      "os": [
        "linux"
      ],
      "peer": true,
      "engines": {
        "node": ">= 10"
      }
    },
    "node_modules/@orpc/client": {
      "version": "0.41.0",
      "license": "MIT",
      "dependencies": {
        "@orpc/server-standard": "^0.4.0",
        "@orpc/server-standard-fetch": "^0.4.0",
        "@orpc/shared": "0.41.0"
      }
    },
    "node_modules/@orpc/contract": {
      "version": "0.41.0",
      "license": "MIT",
      "dependencies": {
        "@orpc/client": "0.41.0",
        "@orpc/server-standard": "^0.4.0",
        "@orpc/shared": "0.41.0",
        "@standard-schema/spec": "^1.0.0"
      }
    },
    "node_modules/@orpc/openapi": {
      "version": "0.41.0",
      "license": "MIT",
      "dependencies": {
        "@orpc/client": "0.41.0",
        "@orpc/contract": "0.41.0",
        "@orpc/server": "0.41.0",
        "@orpc/server-standard": "^0.4.0",
        "@orpc/server-standard-fetch": "^0.4.0",
        "@orpc/server-standard-node": "^0.4.0",
        "@orpc/shared": "0.41.0",
        "json-schema-typed": "^8.0.1",
        "openapi3-ts": "^4.4.0",
        "rou3": "^0.5.1"
      }
    },
    "node_modules/@orpc/server": {
      "version": "0.41.0",
      "license": "MIT",
      "dependencies": {
        "@orpc/client": "0.41.0",
        "@orpc/contract": "0.41.0",
        "@orpc/server-standard": "^0.4.0",
        "@orpc/server-standard-fetch": "^0.4.0",
        "@orpc/server-standard-node": "^0.4.0",
        "@orpc/shared": "0.41.0"
      },
      "peerDependencies": {
        "hono": ">=4.6.0",
        "next": ">=14.0.0"
      }
    },
    "node_modules/@orpc/server-standard": {
      "version": "0.4.0",
      "license": "MIT",
      "dependencies": {
        "@tinyhttp/content-disposition": "^2.2.2",
        "type-fest": "^4.34.1"
      }
    },
    "node_modules/@orpc/server-standard-fetch": {
      "version": "0.4.0",
      "license": "MIT",
      "dependencies": {
        "@orpc/server-standard": "0.4.0"
      }
    },
    "node_modules/@orpc/server-standard-node": {
      "version": "0.4.0",
      "license": "MIT",
      "dependencies": {
        "@orpc/server-standard": "0.4.0"
      }
    },
    "node_modules/@orpc/shared": {
      "version": "0.41.0",
      "license": "MIT",
      "dependencies": {
        "radash": "^12.1.0",
        "type-fest": "^4.26.1"
      }
    },
    "node_modules/@orpc/zod": {
      "version": "0.41.0",
      "license": "MIT",
      "dependencies": {
        "@orpc/shared": "0.41.0",
        "@standard-schema/spec": "^1.0.0",
        "json-schema-typed": "^8.0.1",
        "wildcard-match": "^5.1.3",
        "zod": "^3.24.1"
      },
      "peerDependencies": {
        "@orpc/contract": "0.41.0",
        "@orpc/openapi": "0.41.0",
        "@orpc/server": "0.41.0"
      }
    },
    "node_modules/@standard-schema/spec": {
      "version": "1.0.0",
      "license": "MIT"
    },
    "node_modules/@swc/counter": {
      "version": "0.1.3",
      "license": "Apache-2.0",
      "peer": true
    },
    "node_modules/@swc/helpers": {
      "version": "0.5.15",
      "license": "Apache-2.0",
      "peer": true,
      "dependencies": {
        "tslib": "^2.8.0"
      }
    },
    "node_modules/@tinyhttp/content-disposition": {
      "version": "2.2.2",
      "license": "MIT",
      "engines": {
        "node": ">=12.20.0"
      },
      "funding": {
        "type": "individual",
        "url": "https://github.com/tinyhttp/tinyhttp?sponsor=1"
      }
    },
    "node_modules/@types/bun": {
      "version": "1.2.2",
      "resolved": "https://registry.npmjs.org/@types/bun/-/bun-1.2.2.tgz",
      "integrity": "sha512-tr74gdku+AEDN5ergNiBnplr7hpDp3V1h7fqI2GcR/rsUaM39jpSeKH0TFibRvU0KwniRx5POgaYnaXbk0hU+w==",
      "dev": true,
      "license": "MIT",
      "dependencies": {
        "bun-types": "1.2.2"
      }
    },
    "node_modules/@types/node": {
      "version": "22.13.4",
      "dev": true,
      "license": "MIT",
      "dependencies": {
        "undici-types": "~6.20.0"
      }
    },
    "node_modules/@types/ws": {
      "version": "8.5.14",
      "dev": true,
      "license": "MIT",
      "dependencies": {
        "@types/node": "*"
      }
    },
    "node_modules/bun-types": {
      "version": "1.2.2",
      "dev": true,
      "license": "MIT",
      "dependencies": {
        "@types/node": "*",
        "@types/ws": "~8.5.10"
      }
    },
    "node_modules/busboy": {
      "version": "1.6.0",
      "peer": true,
      "dependencies": {
        "streamsearch": "^1.1.0"
      },
      "engines": {
        "node": ">=10.16.0"
      }
    },
    "node_modules/caniuse-lite": {
      "version": "1.0.30001700",
      "funding": [
        {
          "type": "opencollective",
          "url": "https://opencollective.com/browserslist"
        },
        {
          "type": "tidelift",
          "url": "https://tidelift.com/funding/github/npm/caniuse-lite"
        },
        {
          "type": "github",
          "url": "https://github.com/sponsors/ai"
        }
      ],
      "license": "CC-BY-4.0",
      "peer": true
    },
    "node_modules/client-only": {
      "version": "0.0.1",
      "license": "MIT",
      "peer": true
    },
    "node_modules/color": {
      "version": "4.2.3",
      "license": "MIT",
      "optional": true,
      "peer": true,
      "dependencies": {
        "color-convert": "^2.0.1",
        "color-string": "^1.9.0"
      },
      "engines": {
        "node": ">=12.5.0"
      }
    },
    "node_modules/color-convert": {
      "version": "2.0.1",
      "license": "MIT",
      "optional": true,
      "peer": true,
      "dependencies": {
        "color-name": "~1.1.4"
      },
      "engines": {
        "node": ">=7.0.0"
      }
    },
    "node_modules/color-name": {
      "version": "1.1.4",
      "license": "MIT",
      "optional": true,
      "peer": true
    },
    "node_modules/color-string": {
      "version": "1.9.1",
      "license": "MIT",
      "optional": true,
      "peer": true,
      "dependencies": {
        "color-name": "^1.0.0",
        "simple-swizzle": "^0.2.2"
      }
    },
    "node_modules/detect-libc": {
      "version": "2.0.3",
      "license": "Apache-2.0",
      "optional": true,
      "peer": true,
      "engines": {
        "node": ">=8"
      }
    },
    "node_modules/hono": {
      "version": "4.7.2",
      "license": "MIT",
      "peer": true,
      "engines": {
        "node": ">=16.9.0"
      }
    },
    "node_modules/is-arrayish": {
      "version": "0.3.2",
      "license": "MIT",
      "optional": true,
      "peer": true
    },
    "node_modules/json-schema-typed": {
      "version": "8.0.1",
      "license": "BSD-2-Clause"
    },
    "node_modules/nanoid": {
      "version": "5.1.2",
      "resolved": "https://registry.npmjs.org/nanoid/-/nanoid-5.1.2.tgz",
      "integrity": "sha512-b+CiXQCNMUGe0Ri64S9SXFcP9hogjAJ2Rd6GdVxhPLRm7mhGaM7VgOvCAJ1ZshfHbqVDI3uqTI5C8/GaKuLI7g==",
      "funding": [
        {
          "type": "github",
          "url": "https://github.com/sponsors/ai"
        }
      ],
      "license": "MIT",
      "bin": {
        "nanoid": "bin/nanoid.js"
      },
      "engines": {
        "node": "^18 || >=20"
      }
    },
    "node_modules/next": {
      "version": "15.1.7",
      "license": "MIT",
      "peer": true,
      "dependencies": {
        "@next/env": "15.1.7",
        "@swc/counter": "0.1.3",
        "@swc/helpers": "0.5.15",
        "busboy": "1.6.0",
        "caniuse-lite": "^1.0.30001579",
        "postcss": "8.4.31",
        "styled-jsx": "5.1.6"
      },
      "bin": {
        "next": "dist/bin/next"
      },
      "engines": {
        "node": "^18.18.0 || ^19.8.0 || >= 20.0.0"
      },
      "optionalDependencies": {
        "@next/swc-darwin-arm64": "15.1.7",
        "@next/swc-darwin-x64": "15.1.7",
        "@next/swc-linux-arm64-gnu": "15.1.7",
        "@next/swc-linux-arm64-musl": "15.1.7",
        "@next/swc-linux-x64-gnu": "15.1.7",
        "@next/swc-linux-x64-musl": "15.1.7",
        "@next/swc-win32-arm64-msvc": "15.1.7",
        "@next/swc-win32-x64-msvc": "15.1.7",
        "sharp": "^0.33.5"
      },
      "peerDependencies": {
        "@opentelemetry/api": "^1.1.0",
        "@playwright/test": "^1.41.2",
        "babel-plugin-react-compiler": "*",
        "react": "^18.2.0 || 19.0.0-rc-de68d2f4-20241204 || ^19.0.0",
        "react-dom": "^18.2.0 || 19.0.0-rc-de68d2f4-20241204 || ^19.0.0",
        "sass": "^1.3.0"
      },
      "peerDependenciesMeta": {
        "@opentelemetry/api": {
          "optional": true
        },
        "@playwright/test": {
          "optional": true
        },
        "babel-plugin-react-compiler": {
          "optional": true
        },
        "sass": {
          "optional": true
        }
      }
    },
    "node_modules/openapi3-ts": {
      "version": "4.4.0",
      "license": "MIT",
      "dependencies": {
        "yaml": "^2.5.0"
      }
    },
    "node_modules/picocolors": {
      "version": "1.1.1",
      "license": "ISC",
      "peer": true
    },
    "node_modules/postcss": {
      "version": "8.4.31",
      "funding": [
        {
          "type": "opencollective",
          "url": "https://opencollective.com/postcss/"
        },
        {
          "type": "tidelift",
          "url": "https://tidelift.com/funding/github/npm/postcss"
        },
        {
          "type": "github",
          "url": "https://github.com/sponsors/ai"
        }
      ],
      "license": "MIT",
      "peer": true,
      "dependencies": {
        "nanoid": "^3.3.6",
        "picocolors": "^1.0.0",
        "source-map-js": "^1.0.2"
      },
      "engines": {
        "node": "^10 || ^12 || >=14"
      }
    },
    "node_modules/postcss/node_modules/nanoid": {
      "version": "3.3.8",
      "resolved": "https://registry.npmjs.org/nanoid/-/nanoid-3.3.8.tgz",
      "integrity": "sha512-WNLf5Sd8oZxOm+TzppcYk8gVOgP+l58xNy58D0nbUnOxOWRWvlcCV4kUF7ltmI6PsrLl/BgKEyS4mqsGChFN0w==",
      "funding": [
        {
          "type": "github",
          "url": "https://github.com/sponsors/ai"
        }
      ],
      "license": "MIT",
      "peer": true,
      "bin": {
        "nanoid": "bin/nanoid.cjs"
      },
      "engines": {
        "node": "^10 || ^12 || ^13.7 || ^14 || >=15.0.1"
      }
    },
    "node_modules/radash": {
      "version": "12.1.0",
      "license": "MIT",
      "engines": {
        "node": ">=14.18.0"
      }
    },
    "node_modules/react": {
      "version": "19.0.0",
      "license": "MIT",
      "peer": true,
      "engines": {
        "node": ">=0.10.0"
      }
    },
    "node_modules/react-dom": {
      "version": "19.0.0",
      "license": "MIT",
      "peer": true,
      "dependencies": {
        "scheduler": "^0.25.0"
      },
      "peerDependencies": {
        "react": "^19.0.0"
      }
    },
    "node_modules/rou3": {
      "version": "0.5.1",
      "license": "MIT"
    },
    "node_modules/scheduler": {
      "version": "0.25.0",
      "license": "MIT",
      "peer": true
    },
    "node_modules/semver": {
      "version": "7.7.1",
      "license": "ISC",
      "optional": true,
      "peer": true,
      "bin": {
        "semver": "bin/semver.js"
      },
      "engines": {
        "node": ">=10"
      }
    },
    "node_modules/sharp": {
      "version": "0.33.5",
      "hasInstallScript": true,
      "license": "Apache-2.0",
      "optional": true,
      "peer": true,
      "dependencies": {
        "color": "^4.2.3",
        "detect-libc": "^2.0.3",
        "semver": "^7.6.3"
      },
      "engines": {
        "node": "^18.17.0 || ^20.3.0 || >=21.0.0"
      },
      "funding": {
        "url": "https://opencollective.com/libvips"
      },
      "optionalDependencies": {
        "@img/sharp-darwin-arm64": "0.33.5",
        "@img/sharp-darwin-x64": "0.33.5",
        "@img/sharp-libvips-darwin-arm64": "1.0.4",
        "@img/sharp-libvips-darwin-x64": "1.0.4",
        "@img/sharp-libvips-linux-arm": "1.0.5",
        "@img/sharp-libvips-linux-arm64": "1.0.4",
        "@img/sharp-libvips-linux-s390x": "1.0.4",
        "@img/sharp-libvips-linux-x64": "1.0.4",
        "@img/sharp-libvips-linuxmusl-arm64": "1.0.4",
        "@img/sharp-libvips-linuxmusl-x64": "1.0.4",
        "@img/sharp-linux-arm": "0.33.5",
        "@img/sharp-linux-arm64": "0.33.5",
        "@img/sharp-linux-s390x": "0.33.5",
        "@img/sharp-linux-x64": "0.33.5",
        "@img/sharp-linuxmusl-arm64": "0.33.5",
        "@img/sharp-linuxmusl-x64": "0.33.5",
        "@img/sharp-wasm32": "0.33.5",
        "@img/sharp-win32-ia32": "0.33.5",
        "@img/sharp-win32-x64": "0.33.5"
      }
    },
    "node_modules/simple-swizzle": {
      "version": "0.2.2",
      "license": "MIT",
      "optional": true,
      "peer": true,
      "dependencies": {
        "is-arrayish": "^0.3.1"
      }
    },
    "node_modules/source-map-js": {
      "version": "1.2.1",
      "license": "BSD-3-Clause",
      "peer": true,
      "engines": {
        "node": ">=0.10.0"
      }
    },
    "node_modules/streamsearch": {
      "version": "1.1.0",
      "peer": true,
      "engines": {
        "node": ">=10.0.0"
      }
    },
    "node_modules/styled-jsx": {
      "version": "5.1.6",
      "license": "MIT",
      "peer": true,
      "dependencies": {
        "client-only": "0.0.1"
      },
      "engines": {
        "node": ">= 12.0.0"
      },
      "peerDependencies": {
        "react": ">= 16.8.0 || 17.x.x || ^18.0.0-0 || ^19.0.0-0"
      },
      "peerDependenciesMeta": {
        "@babel/core": {
          "optional": true
        },
        "babel-plugin-macros": {
          "optional": true
        }
      }
    },
    "node_modules/tslib": {
      "version": "2.8.1",
      "license": "0BSD",
      "peer": true
    },
    "node_modules/type-fest": {
      "version": "4.35.0",
      "license": "(MIT OR CC0-1.0)",
      "engines": {
        "node": ">=16"
      },
      "funding": {
        "url": "https://github.com/sponsors/sindresorhus"
      }
    },
    "node_modules/typescript": {
      "version": "5.7.3",
      "license": "Apache-2.0",
      "peer": true,
      "bin": {
        "tsc": "bin/tsc",
        "tsserver": "bin/tsserver"
      },
      "engines": {
        "node": ">=14.17"
      }
    },
    "node_modules/undici-types": {
      "version": "6.20.0",
      "dev": true,
      "license": "MIT"
    },
    "node_modules/wildcard-match": {
      "version": "5.1.4",
      "license": "ISC"
    },
    "node_modules/yaml": {
      "version": "2.7.0",
      "license": "ISC",
      "bin": {
        "yaml": "bin.mjs"
      },
      "engines": {
        "node": ">= 14"
      }
    },
    "node_modules/zod": {
      "version": "3.24.2",
      "license": "MIT",
      "funding": {
        "url": "https://github.com/sponsors/colinhacks"
      }
    },
    "node_modules/zod-to-json-schema": {
      "version": "3.24.3",
      "resolved": "https://registry.npmjs.org/zod-to-json-schema/-/zod-to-json-schema-3.24.3.tgz",
      "integrity": "sha512-HIAfWdYIt1sssHfYZFCXp4rU1w2r8hVVXYIlmoa0r0gABLs5di3RCqPU5DDROogVz1pAdYBaz7HK5n9pSUNs3A==",
      "license": "ISC",
      "peerDependencies": {
        "zod": "^3.24.1"
      }
    }
  }
}
